
Microsoft Visual Studio Solution File, Format Version 12.00
# Visual Studio 2012
Project("{FAE04EC0-301F-11D3-BF4B-00C04F79EFBC}") = "KOAALAWebApp", "LocomotionWebApp\KOAALAWebApp.csproj", "{CD0C199A-6D9E-4E22-AFA5-EA0314C8A66B}"
EndProject
Project("{2150E333-8FDC-42A3-9474-1A3956D46DE8}") = ".nuget", ".nuget", "{FE78E778-4922-4D11-8644-BAE1E0D68032}"
	ProjectSection(SolutionItems) = preProject
		.nuget\NuGet.Config = .nuget\NuGet.Config
		.nuget\NuGet.exe = .nuget\NuGet.exe
		.nuget\NuGet.targets = .nuget\NuGet.targets
	EndProjectSection
EndProject
Project("{FAE04EC0-301F-11D3-BF4B-00C04F79EFBC}") = "DataModel", "DataModel\DataModel.csproj", "{F04421A5-5402-448A-86F8-B394A8DE1093}"
EndProject
Project("{FAE04EC0-301F-11D3-BF4B-00C04F79EFBC}") = "KOAALAEngines", "LocomotionEngines\KOAALAEngines.csproj", "{E2674710-0981-46B1-B176-39E96BE23FF0}"
EndProject
Project("{FAE04EC0-301F-11D3-BF4B-00C04F79EFBC}") = "KOAALAEngines.Tests", "LocomotionEngines.Tests\KOAALAEngines.Tests.csproj", "{CD3A201E-28B3-4311-843E-64C1E310AAFD}"
EndProject
Global
	GlobalSection(SolutionConfigurationPlatforms) = preSolution
		Debug|Any CPU = Debug|Any CPU
		Release|Any CPU = Release|Any CPU
	EndGlobalSection
	GlobalSection(ProjectConfigurationPlatforms) = postSolution
		{CD0C199A-6D9E-4E22-AFA5-EA0314C8A66B}.Debug|Any CPU.ActiveCfg = Debug|Any CPU
		{CD0C199A-6D9E-4E22-AFA5-EA0314C8A66B}.Debug|Any CPU.Build.0 = Debug|Any CPU
		{CD0C199A-6D9E-4E22-AFA5-EA0314C8A66B}.Release|Any CPU.ActiveCfg = Release|Any CPU
		{CD0C199A-6D9E-4E22-AFA5-EA0314C8A66B}.Release|Any CPU.Build.0 = Release|Any CPU
		{F04421A5-5402-448A-86F8-B394A8DE1093}.Debug|Any CPU.ActiveCfg = Debug|Any CPU
		{F04421A5-5402-448A-86F8-B394A8DE1093}.Debug|Any CPU.Build.0 = Debug|Any CPU
		{F04421A5-5402-448A-86F8-B394A8DE1093}.Release|Any CPU.ActiveCfg = Release|Any CPU
		{F04421A5-5402-448A-86F8-B394A8DE1093}.Release|Any CPU.Build.0 = Release|Any CPU
		{E2674710-0981-46B1-B176-39E96BE23FF0}.Debug|Any CPU.ActiveCfg = Debug|Any CPU
		{E2674710-0981-46B1-B176-39E96BE23FF0}.Debug|Any CPU.Build.0 = Debug|Any CPU
		{E2674710-0981-46B1-B176-39E96BE23FF0}.Release|Any CPU.ActiveCfg = Release|Any CPU
		{E2674710-0981-46B1-B176-39E96BE23FF0}.Release|Any CPU.Build.0 = Release|Any CPU
		{CD3A201E-28B3-4311-843E-64C1E310AAFD}.Debug|Any CPU.ActiveCfg = Debug|Any CPU
		{CD3A201E-28B3-4311-843E-64C1E310AAFD}.Debug|Any CPU.Build.0 = Debug|Any CPU
		{CD3A201E-28B3-4311-843E-64C1E310AAFD}.Release|Any CPU.ActiveCfg = Release|Any CPU
		{CD3A201E-28B3-4311-843E-64C1E310AAFD}.Release|Any CPU.Build.0 = Release|Any CPU
	EndGlobalSection
	GlobalSection(SolutionProperties) = preSolution
		HideSolutionNode = FALSE
	EndGlobalSection
EndGlobal
